
Microsoft Visual Studio Solution File, Format Version 12.00
# Visual Studio 2013
VisualStudioVersion = 12.0.30110.0
MinimumVisualStudioVersion = 10.0.40219.1
Project("{FAE04EC0-301F-11D3-BF4B-00C04F79EFBC}") = "InjectionMap.Configuration", "src\InjectionMap.Configuration\InjectionMap.Configuration.csproj", "{126EB35D-A01C-413D-AF66-7F6EBD2E5E68}"
EndProject
Project("{2150E333-8FDC-42A3-9474-1A3956D46DE8}") = "Tests", "Tests", "{3AFC73AA-BFDA-4367-88DE-1BA158E17E7C}"
EndProject
Project("{FAE04EC0-301F-11D3-BF4B-00C04F79EFBC}") = "InjectionMap.Configuration.Test", "src\Tests\InjectionMap.Configuration.Test\InjectionMap.Configuration.Test.csproj", "{AB545EC5-3FA1-4540-9403-00DB952E6520}"
EndProject
Project("{FAE04EC0-301F-11D3-BF4B-00C04F79EFBC}") = "InjectionMap.Configuration.Test.Data", "src\Tests\InjectionMap.Configuration.Test.Data\InjectionMap.Configuration.Test.Data.csproj", "{856D5A2E-AFD5-46E0-9E8D-1326240DD00E}"
EndProject
Project("{FAE04EC0-301F-11D3-BF4B-00C04F79EFBC}") = "InjectionMap.Configuration.FailTest", "src\Tests\InjectionMap.Configuration.FailTest\InjectionMap.Configuration.FailTest.csproj", "{00B353AE-F276-4E2A-8D58-7FB37AAC57F5}"
EndProject
Global
	GlobalSection(SolutionConfigurationPlatforms) = preSolution
		Debug|Any CPU = Debug|Any CPU
		Release|Any CPU = Release|Any CPU
	EndGlobalSection
	GlobalSection(ProjectConfigurationPlatforms) = postSolution
		{126EB35D-A01C-413D-AF66-7F6EBD2E5E68}.Debug|Any CPU.ActiveCfg = Debug|Any CPU
		{126EB35D-A01C-413D-AF66-7F6EBD2E5E68}.Debug|Any CPU.Build.0 = Debug|Any CPU
		{126EB35D-A01C-413D-AF66-7F6EBD2E5E68}.Release|Any CPU.ActiveCfg = Release|Any CPU
		{126EB35D-A01C-413D-AF66-7F6EBD2E5E68}.Release|Any CPU.Build.0 = Release|Any CPU
		{AB545EC5-3FA1-4540-9403-00DB952E6520}.Debug|Any CPU.ActiveCfg = Debug|Any CPU
		{AB545EC5-3FA1-4540-9403-00DB952E6520}.Debug|Any CPU.Build.0 = Debug|Any CPU
		{AB545EC5-3FA1-4540-9403-00DB952E6520}.Release|Any CPU.ActiveCfg = Release|Any CPU
		{AB545EC5-3FA1-4540-9403-00DB952E6520}.Release|Any CPU.Build.0 = Release|Any CPU
		{856D5A2E-AFD5-46E0-9E8D-1326240DD00E}.Debug|Any CPU.ActiveCfg = Debug|Any CPU
		{856D5A2E-AFD5-46E0-9E8D-1326240DD00E}.Debug|Any CPU.Build.0 = Debug|Any CPU
		{856D5A2E-AFD5-46E0-9E8D-1326240DD00E}.Release|Any CPU.ActiveCfg = Release|Any CPU
		{856D5A2E-AFD5-46E0-9E8D-1326240DD00E}.Release|Any CPU.Build.0 = Release|Any CPU
		{00B353AE-F276-4E2A-8D58-7FB37AAC57F5}.Debug|Any CPU.ActiveCfg = Debug|Any CPU
		{00B353AE-F276-4E2A-8D58-7FB37AAC57F5}.Debug|Any CPU.Build.0 = Debug|Any CPU
		{00B353AE-F276-4E2A-8D58-7FB37AAC57F5}.Release|Any CPU.ActiveCfg = Release|Any CPU
		{00B353AE-F276-4E2A-8D58-7FB37AAC57F5}.Release|Any CPU.Build.0 = Release|Any CPU
	EndGlobalSection
	GlobalSection(SolutionProperties) = preSolution
		HideSolutionNode = FALSE
	EndGlobalSection
	GlobalSection(NestedProjects) = preSolution
		{AB545EC5-3FA1-4540-9403-00DB952E6520} = {3AFC73AA-BFDA-4367-88DE-1BA158E17E7C}
		{856D5A2E-AFD5-46E0-9E8D-1326240DD00E} = {3AFC73AA-BFDA-4367-88DE-1BA158E17E7C}
		{00B353AE-F276-4E2A-8D58-7FB37AAC57F5} = {3AFC73AA-BFDA-4367-88DE-1BA158E17E7C}
	EndGlobalSection
EndGlobal
